
Microsoft Visual Studio Solution File, Format Version 12.00
# Visual Studio Version 16
VisualStudioVersion = 16.0.31424.327
MinimumVisualStudioVersion = 10.0.40219.1
Project("{FAE04EC0-301F-11D3-BF4B-00C04F79EFBC}") = "App7.Android", "App7\App7.Android\App7.Android.csproj", "{44DEEF73-7A77-45A4-A0B7-286F5CBC3366}"
EndProject
Project("{FAE04EC0-301F-11D3-BF4B-00C04F79EFBC}") = "App7.iOS", "App7\App7.iOS\App7.iOS.csproj", "{7451718E-F0C0-4778-AAE8-0645519E76AE}"
EndProject
Project("{FAE04EC0-301F-11D3-BF4B-00C04F79EFBC}") = "App7", "App7\App7\App7.csproj", "{5C4E542C-7104-48DE-8726-B84DBDA772D6}"
EndProject
Global
	GlobalSection(SolutionConfigurationPlatforms) = preSolution
		Debug|Any CPU = Debug|Any CPU
		Debug|iPhone = Debug|iPhone
		Debug|iPhoneSimulator = Debug|iPhoneSimulator
		Release|Any CPU = Release|Any CPU
		Release|iPhone = Release|iPhone
		Release|iPhoneSimulator = Release|iPhoneSimulator
	EndGlobalSection
	GlobalSection(ProjectConfigurationPlatforms) = postSolution
		{44DEEF73-7A77-45A4-A0B7-286F5CBC3366}.Debug|Any CPU.ActiveCfg = Debug|Any CPU
		{44DEEF73-7A77-45A4-A0B7-286F5CBC3366}.Debug|Any CPU.Build.0 = Debug|Any CPU
		{44DEEF73-7A77-45A4-A0B7-286F5CBC3366}.Debug|Any CPU.Deploy.0 = Debug|Any CPU
		{44DEEF73-7A77-45A4-A0B7-286F5CBC3366}.Debug|iPhone.ActiveCfg = Debug|Any CPU
		{44DEEF73-7A77-45A4-A0B7-286F5CBC3366}.Debug|iPhone.Build.0 = Debug|Any CPU
		{44DEEF73-7A77-45A4-A0B7-286F5CBC3366}.Debug|iPhone.Deploy.0 = Debug|Any CPU
		{44DEEF73-7A77-45A4-A0B7-286F5CBC3366}.Debug|iPhoneSimulator.ActiveCfg = Debug|Any CPU
		{44DEEF73-7A77-45A4-A0B7-286F5CBC3366}.Debug|iPhoneSimulator.Build.0 = Debug|Any CPU
		{44DEEF73-7A77-45A4-A0B7-286F5CBC3366}.Debug|iPhoneSimulator.Deploy.0 = Debug|Any CPU
		{44DEEF73-7A77-45A4-A0B7-286F5CBC3366}.Release|Any CPU.ActiveCfg = Release|Any CPU
		{44DEEF73-7A77-45A4-A0B7-286F5CBC3366}.Release|Any CPU.Build.0 = Release|Any CPU
		{44DEEF73-7A77-45A4-A0B7-286F5CBC3366}.Release|Any CPU.Deploy.0 = Release|Any CPU
		{44DEEF73-7A77-45A4-A0B7-286F5CBC3366}.Release|iPhone.ActiveCfg = Release|Any CPU
		{44DEEF73-7A77-45A4-A0B7-286F5CBC3366}.Release|iPhone.Build.0 = Release|Any CPU
		{44DEEF73-7A77-45A4-A0B7-286F5CBC3366}.Release|iPhone.Deploy.0 = Release|Any CPU
		{44DEEF73-7A77-45A4-A0B7-286F5CBC3366}.Release|iPhoneSimulator.ActiveCfg = Release|Any CPU
		{44DEEF73-7A77-45A4-A0B7-286F5CBC3366}.Release|iPhoneSimulator.Build.0 = Release|Any CPU
		{44DEEF73-7A77-45A4-A0B7-286F5CBC3366}.Release|iPhoneSimulator.Deploy.0 = Release|Any CPU
		{7451718E-F0C0-4778-AAE8-0645519E76AE}.Debug|Any CPU.ActiveCfg = Debug|iPhone
		{7451718E-F0C0-4778-AAE8-0645519E76AE}.Debug|Any CPU.Build.0 = Debug|iPhone
		{7451718E-F0C0-4778-AAE8-0645519E76AE}.Debug|Any CPU.Deploy.0 = Debug|iPhone
		{7451718E-F0C0-4778-AAE8-0645519E76AE}.Debug|iPhone.ActiveCfg = Debug|iPhone
		{7451718E-F0C0-4778-AAE8-0645519E76AE}.Debug|iPhone.Build.0 = Debug|iPhone
		{7451718E-F0C0-4778-AAE8-0645519E76AE}.Debug|iPhone.Deploy.0 = Debug|iPhone
		{7451718E-F0C0-4778-AAE8-0645519E76AE}.Debug|iPhoneSimulator.ActiveCfg = Debug|iPhoneSimulator
		{7451718E-F0C0-4778-AAE8-0645519E76AE}.Debug|iPhoneSimulator.Build.0 = Debug|iPhoneSimulator
		{7451718E-F0C0-4778-AAE8-0645519E76AE}.Debug|iPhoneSimulator.Deploy.0 = Debug|iPhoneSimulator
		{7451718E-F0C0-4778-AAE8-0645519E76AE}.Release|Any CPU.ActiveCfg = Release|iPhoneSimulator
		{7451718E-F0C0-4778-AAE8-0645519E76AE}.Release|Any CPU.Build.0 = Release|iPhoneSimulator
		{7451718E-F0C0-4778-AAE8-0645519E76AE}.Release|Any CPU.Deploy.0 = Release|iPhoneSimulator
		{7451718E-F0C0-4778-AAE8-0645519E76AE}.Release|iPhone.ActiveCfg = Release|iPhone
		{7451718E-F0C0-4778-AAE8-0645519E76AE}.Release|iPhone.Build.0 = Release|iPhone
		{7451718E-F0C0-4778-AAE8-0645519E76AE}.Release|iPhone.Deploy.0 = Release|iPhone
		{7451718E-F0C0-4778-AAE8-0645519E76AE}.Release|iPhoneSimulator.ActiveCfg = Release|iPhoneSimulator
		{7451718E-F0C0-4778-AAE8-0645519E76AE}.Release|iPhoneSimulator.Build.0 = Release|iPhoneSimulator
		{7451718E-F0C0-4778-AAE8-0645519E76AE}.Release|iPhoneSimulator.Deploy.0 = Release|iPhoneSimulator
		{5C4E542C-7104-48DE-8726-B84DBDA772D6}.Debug|Any CPU.ActiveCfg = Debug|Any CPU
		{5C4E542C-7104-48DE-8726-B84DBDA772D6}.Debug|Any CPU.Build.0 = Debug|Any CPU
		{5C4E542C-7104-48DE-8726-B84DBDA772D6}.Debug|Any CPU.Deploy.0 = Debug|Any CPU
		{5C4E542C-7104-48DE-8726-B84DBDA772D6}.Debug|iPhone.ActiveCfg = Debug|Any CPU
		{5C4E542C-7104-48DE-8726-B84DBDA772D6}.Debug|iPhone.Build.0 = Debug|Any CPU
		{5C4E542C-7104-48DE-8726-B84DBDA772D6}.Debug|iPhone.Deploy.0 = Debug|Any CPU
		{5C4E542C-7104-48DE-8726-B84DBDA772D6}.Debug|iPhoneSimulator.ActiveCfg = Debug|Any CPU
		{5C4E542C-7104-48DE-8726-B84DBDA772D6}.Debug|iPhoneSimulator.Build.0 = Debug|Any CPU
		{5C4E542C-7104-48DE-8726-B84DBDA772D6}.Debug|iPhoneSimulator.Deploy.0 = Debug|Any CPU
		{5C4E542C-7104-48DE-8726-B84DBDA772D6}.Release|Any CPU.ActiveCfg = Release|Any CPU
		{5C4E542C-7104-48DE-8726-B84DBDA772D6}.Release|Any CPU.Build.0 = Release|Any CPU
		{5C4E542C-7104-48DE-8726-B84DBDA772D6}.Release|Any CPU.Deploy.0 = Release|Any CPU
		{5C4E542C-7104-48DE-8726-B84DBDA772D6}.Release|iPhone.ActiveCfg = Release|Any CPU
		{5C4E542C-7104-48DE-8726-B84DBDA772D6}.Release|iPhone.Build.0 = Release|Any CPU
		{5C4E542C-7104-48DE-8726-B84DBDA772D6}.Release|iPhone.Deploy.0 = Release|Any CPU
		{5C4E542C-7104-48DE-8726-B84DBDA772D6}.Release|iPhoneSimulator.ActiveCfg = Release|Any CPU
		{5C4E542C-7104-48DE-8726-B84DBDA772D6}.Release|iPhoneSimulator.Build.0 = Release|Any CPU
		{5C4E542C-7104-48DE-8726-B84DBDA772D6}.Release|iPhoneSimulator.Deploy.0 = Release|Any CPU
	EndGlobalSection
	GlobalSection(SolutionProperties) = preSolution
		HideSolutionNode = FALSE
	EndGlobalSection
	GlobalSection(ExtensibilityGlobals) = postSolution
		SolutionGuid = {A657AA2F-D381-4DB7-A0BC-CAC013079804}
	EndGlobalSection
EndGlobal
